
Microsoft Visual Studio Solution File, Format Version 12.00
# Visual Studio Version 16
VisualStudioVersion = 16.0.30907.101
MinimumVisualStudioVersion = 10.0.40219.1
Project("{8BC9CEB8-8B4A-11D0-8D11-00A0C91BC942}") = "dgCore", "dgCore.vcxproj", "{75A4A856-914E-4D41-A28D-23EAF8F8F9C9}"
EndProject
Project("{8BC9CEB8-8B4A-11D0-8D11-00A0C91BC942}") = "dgPhysics", "dgPhysics.vcxproj", "{34AD435B-7662-49D5-AF13-5974FEC5F578}"
	ProjectSection(ProjectDependencies) = postProject
		{75A4A856-914E-4D41-A28D-23EAF8F8F9C9} = {75A4A856-914E-4D41-A28D-23EAF8F8F9C9}
	EndProjectSection
EndProject
Project("{8BC9CEB8-8B4A-11D0-8D11-00A0C91BC942}") = "msp_lib", "msp_lib.vcxproj", "{3E0D2D8C-5418-4489-BE01-AA00B051399E}"
	ProjectSection(ProjectDependencies) = postProject
		{F8604C1C-867D-4EFD-AFAC-15404F17084E} = {F8604C1C-867D-4EFD-AFAC-15404F17084E}
		{2928F15F-0650-4261-B759-36C7792267DC} = {2928F15F-0650-4261-B759-36C7792267DC}
	EndProjectSection
EndProject
Project("{8BC9CEB8-8B4A-11D0-8D11-00A0C91BC942}") = "newton", "newton.vcxproj", "{F8604C1C-867D-4EFD-AFAC-15404F17084E}"
	ProjectSection(ProjectDependencies) = postProject
		{75A4A856-914E-4D41-A28D-23EAF8F8F9C9} = {75A4A856-914E-4D41-A28D-23EAF8F8F9C9}
		{34AD435B-7662-49D5-AF13-5974FEC5F578} = {34AD435B-7662-49D5-AF13-5974FEC5F578}
	EndProjectSection
EndProject
Project("{8BC9CEB8-8B4A-11D0-8D11-00A0C91BC942}") = "dMath", "dMath.vcxproj", "{2928F15F-0650-4261-B759-36C7792267DC}"
EndProject
Global
	GlobalSection(SolutionConfigurationPlatforms) = preSolution
		Debug (1.8)|x64 = Debug (1.8)|x64
		Debug (1.8)|x86 = Debug (1.8)|x86
		Debug (2.0)|x64 = Debug (2.0)|x64
		Debug (2.0)|x86 = Debug (2.0)|x86
		Debug (2.2)|x64 = Debug (2.2)|x64
		Debug (2.2)|x86 = Debug (2.2)|x86
		Debug (2.5)|x64 = Debug (2.5)|x64
		Debug (2.5)|x86 = Debug (2.5)|x86
		Debug (2.7)|x64 = Debug (2.7)|x64
		Debug (2.7)|x86 = Debug (2.7)|x86
		debug_double|x64 = debug_double|x64
		debug_double|x86 = debug_double|x86
		Debug|x64 = Debug|x64
		Debug|x86 = Debug|x86
		Release (1.8)|x64 = Release (1.8)|x64
		Release (1.8)|x86 = Release (1.8)|x86
		Release (2.0)|x64 = Release (2.0)|x64
		Release (2.0)|x86 = Release (2.0)|x86
		Release (2.2)|x64 = Release (2.2)|x64
		Release (2.2)|x86 = Release (2.2)|x86
		Release (2.5)|x64 = Release (2.5)|x64
		Release (2.5)|x86 = Release (2.5)|x86
		Release (2.7)|x64 = Release (2.7)|x64
		Release (2.7)|x86 = Release (2.7)|x86
		release_double|x64 = release_double|x64
		release_double|x86 = release_double|x86
		Release|x64 = Release|x64
		Release|x86 = Release|x86
	EndGlobalSection
	GlobalSection(ProjectConfigurationPlatforms) = postSolution
		{75A4A856-914E-4D41-A28D-23EAF8F8F9C9}.Debug (1.8)|x64.ActiveCfg = Debug|x64
		{75A4A856-914E-4D41-A28D-23EAF8F8F9C9}.Debug (1.8)|x64.Build.0 = Debug|x64
		{75A4A856-914E-4D41-A28D-23EAF8F8F9C9}.Debug (1.8)|x86.ActiveCfg = debug_double|Win32
		{75A4A856-914E-4D41-A28D-23EAF8F8F9C9}.Debug (1.8)|x86.Build.0 = debug_double|Win32
		{75A4A856-914E-4D41-A28D-23EAF8F8F9C9}.Debug (2.0)|x64.ActiveCfg = debug_double|x64
		{75A4A856-914E-4D41-A28D-23EAF8F8F9C9}.Debug (2.0)|x64.Build.0 = debug_double|x64
		{75A4A856-914E-4D41-A28D-23EAF8F8F9C9}.Debug (2.0)|x86.ActiveCfg = debug_double|Win32
		{75A4A856-914E-4D41-A28D-23EAF8F8F9C9}.Debug (2.0)|x86.Build.0 = debug_double|Win32
		{75A4A856-914E-4D41-A28D-23EAF8F8F9C9}.Debug (2.2)|x64.ActiveCfg = debug_double|x64
		{75A4A856-914E-4D41-A28D-23EAF8F8F9C9}.Debug (2.2)|x64.Build.0 = debug_double|x64
		{75A4A856-914E-4D41-A28D-23EAF8F8F9C9}.Debug (2.2)|x86.ActiveCfg = debug_double|Win32
		{75A4A856-914E-4D41-A28D-23EAF8F8F9C9}.Debug (2.2)|x86.Build.0 = debug_double|Win32
		{75A4A856-914E-4D41-A28D-23EAF8F8F9C9}.Debug (2.5)|x64.ActiveCfg = debug_double|x64
		{75A4A856-914E-4D41-A28D-23EAF8F8F9C9}.Debug (2.5)|x64.Build.0 = debug_double|x64
		{75A4A856-914E-4D41-A28D-23EAF8F8F9C9}.Debug (2.5)|x86.ActiveCfg = debug_double|Win32
		{75A4A856-914E-4D41-A28D-23EAF8F8F9C9}.Debug (2.5)|x86.Build.0 = debug_double|Win32
		{75A4A856-914E-4D41-A28D-23EAF8F8F9C9}.Debug (2.7)|x64.ActiveCfg = debug_double|x64
		{75A4A856-914E-4D41-A28D-23EAF8F8F9C9}.Debug (2.7)|x64.Build.0 = debug_double|x64
		{75A4A856-914E-4D41-A28D-23EAF8F8F9C9}.Debug (2.7)|x86.ActiveCfg = debug_double|Win32
		{75A4A856-914E-4D41-A28D-23EAF8F8F9C9}.Debug (2.7)|x86.Build.0 = debug_double|Win32
		{75A4A856-914E-4D41-A28D-23EAF8F8F9C9}.debug_double|x64.ActiveCfg = debug_double|x64
		{75A4A856-914E-4D41-A28D-23EAF8F8F9C9}.debug_double|x64.Build.0 = debug_double|x64
		{75A4A856-914E-4D41-A28D-23EAF8F8F9C9}.debug_double|x86.ActiveCfg = debug_double|Win32
		{75A4A856-914E-4D41-A28D-23EAF8F8F9C9}.debug_double|x86.Build.0 = debug_double|Win32
		{75A4A856-914E-4D41-A28D-23EAF8F8F9C9}.Debug|x64.ActiveCfg = Debug|x64
		{75A4A856-914E-4D41-A28D-23EAF8F8F9C9}.Debug|x64.Build.0 = Debug|x64
		{75A4A856-914E-4D41-A28D-23EAF8F8F9C9}.Debug|x86.ActiveCfg = Debug|Win32
		{75A4A856-914E-4D41-A28D-23EAF8F8F9C9}.Debug|x86.Build.0 = Debug|Win32
		{75A4A856-914E-4D41-A28D-23EAF8F8F9C9}.Release (1.8)|x64.ActiveCfg = Release|x64
		{75A4A856-914E-4D41-A28D-23EAF8F8F9C9}.Release (1.8)|x64.Build.0 = Release|x64
		{75A4A856-914E-4D41-A28D-23EAF8F8F9C9}.Release (1.8)|x86.ActiveCfg = release_double|Win32
		{75A4A856-914E-4D41-A28D-23EAF8F8F9C9}.Release (1.8)|x86.Build.0 = release_double|Win32
		{75A4A856-914E-4D41-A28D-23EAF8F8F9C9}.Release (2.0)|x64.ActiveCfg = release_double|x64
		{75A4A856-914E-4D41-A28D-23EAF8F8F9C9}.Release (2.0)|x64.Build.0 = release_double|x64
		{75A4A856-914E-4D41-A28D-23EAF8F8F9C9}.Release (2.0)|x86.ActiveCfg = release_double|Win32
		{75A4A856-914E-4D41-A28D-23EAF8F8F9C9}.Release (2.0)|x86.Build.0 = release_double|Win32
		{75A4A856-914E-4D41-A28D-23EAF8F8F9C9}.Release (2.2)|x64.ActiveCfg = release_double|x64
		{75A4A856-914E-4D41-A28D-23EAF8F8F9C9}.Release (2.2)|x64.Build.0 = release_double|x64
		{75A4A856-914E-4D41-A28D-23EAF8F8F9C9}.Release (2.2)|x86.ActiveCfg = release_double|Win32
		{75A4A856-914E-4D41-A28D-23EAF8F8F9C9}.Release (2.5)|x64.ActiveCfg = release_double|x64
		{75A4A856-914E-4D41-A28D-23EAF8F8F9C9}.Release (2.5)|x64.Build.0 = release_double|x64
		{75A4A856-914E-4D41-A28D-23EAF8F8F9C9}.Release (2.5)|x86.ActiveCfg = release_double|Win32
		{75A4A856-914E-4D41-A28D-23EAF8F8F9C9}.Release (2.7)|x64.ActiveCfg = release_double|x64
		{75A4A856-914E-4D41-A28D-23EAF8F8F9C9}.Release (2.7)|x64.Build.0 = release_double|x64
		{75A4A856-914E-4D41-A28D-23EAF8F8F9C9}.Release (2.7)|x86.ActiveCfg = Debug|Win32
		{75A4A856-914E-4D41-A28D-23EAF8F8F9C9}.release_double|x64.ActiveCfg = release_double|x64
		{75A4A856-914E-4D41-A28D-23EAF8F8F9C9}.release_double|x64.Build.0 = release_double|x64
		{75A4A856-914E-4D41-A28D-23EAF8F8F9C9}.release_double|x86.ActiveCfg = release_double|Win32
		{75A4A856-914E-4D41-A28D-23EAF8F8F9C9}.release_double|x86.Build.0 = release_double|Win32
		{75A4A856-914E-4D41-A28D-23EAF8F8F9C9}.Release|x64.ActiveCfg = Release|x64
		{75A4A856-914E-4D41-A28D-23EAF8F8F9C9}.Release|x64.Build.0 = Release|x64
		{75A4A856-914E-4D41-A28D-23EAF8F8F9C9}.Release|x86.ActiveCfg = Release|Win32
		{75A4A856-914E-4D41-A28D-23EAF8F8F9C9}.Release|x86.Build.0 = Release|Win32
		{34AD435B-7662-49D5-AF13-5974FEC5F578}.Debug (1.8)|x64.ActiveCfg = Debug|x64
		{34AD435B-7662-49D5-AF13-5974FEC5F578}.Debug (1.8)|x64.Build.0 = Debug|x64
		{34AD435B-7662-49D5-AF13-5974FEC5F578}.Debug (1.8)|x86.ActiveCfg = debug_double|Win32
		{34AD435B-7662-49D5-AF13-5974FEC5F578}.Debug (1.8)|x86.Build.0 = debug_double|Win32
		{34AD435B-7662-49D5-AF13-5974FEC5F578}.Debug (2.0)|x64.ActiveCfg = debug_double|x64
		{34AD435B-7662-49D5-AF13-5974FEC5F578}.Debug (2.0)|x64.Build.0 = debug_double|x64
		{34AD435B-7662-49D5-AF13-5974FEC5F578}.Debug (2.0)|x86.ActiveCfg = debug_double|Win32
		{34AD435B-7662-49D5-AF13-5974FEC5F578}.Debug (2.0)|x86.Build.0 = debug_double|Win32
		{34AD435B-7662-49D5-AF13-5974FEC5F578}.Debug (2.2)|x64.ActiveCfg = debug_double|x64
		{34AD435B-7662-49D5-AF13-5974FEC5F578}.Debug (2.2)|x64.Build.0 = debug_double|x64
		{34AD435B-7662-49D5-AF13-5974FEC5F578}.Debug (2.2)|x86.ActiveCfg = debug_double|Win32
		{34AD435B-7662-49D5-AF13-5974FEC5F578}.Debug (2.2)|x86.Build.0 = debug_double|Win32
		{34AD435B-7662-49D5-AF13-5974FEC5F578}.Debug (2.5)|x64.ActiveCfg = debug_double|x64
		{34AD435B-7662-49D5-AF13-5974FEC5F578}.Debug (2.5)|x64.Build.0 = debug_double|x64
		{34AD435B-7662-49D5-AF13-5974FEC5F578}.Debug (2.5)|x86.ActiveCfg = debug_double|Win32
		{34AD435B-7662-49D5-AF13-5974FEC5F578}.Debug (2.5)|x86.Build.0 = debug_double|Win32
		{34AD435B-7662-49D5-AF13-5974FEC5F578}.Debug (2.7)|x64.ActiveCfg = debug_double|x64
		{34AD435B-7662-49D5-AF13-5974FEC5F578}.Debug (2.7)|x64.Build.0 = debug_double|x64
		{34AD435B-7662-49D5-AF13-5974FEC5F578}.Debug (2.7)|x86.ActiveCfg = debug_double|Win32
		{34AD435B-7662-49D5-AF13-5974FEC5F578}.Debug (2.7)|x86.Build.0 = debug_double|Win32
		{34AD435B-7662-49D5-AF13-5974FEC5F578}.debug_double|x64.ActiveCfg = debug_double|x64
		{34AD435B-7662-49D5-AF13-5974FEC5F578}.debug_double|x64.Build.0 = debug_double|x64
		{34AD435B-7662-49D5-AF13-5974FEC5F578}.debug_double|x86.ActiveCfg = debug_double|Win32
		{34AD435B-7662-49D5-AF13-5974FEC5F578}.debug_double|x86.Build.0 = debug_double|Win32
		{34AD435B-7662-49D5-AF13-5974FEC5F578}.Debug|x64.ActiveCfg = Debug|x64
		{34AD435B-7662-49D5-AF13-5974FEC5F578}.Debug|x64.Build.0 = Debug|x64
		{34AD435B-7662-49D5-AF13-5974FEC5F578}.Debug|x86.ActiveCfg = Debug|Win32
		{34AD435B-7662-49D5-AF13-5974FEC5F578}.Debug|x86.Build.0 = Debug|Win32
		{34AD435B-7662-49D5-AF13-5974FEC5F578}.Release (1.8)|x64.ActiveCfg = Release|x64
		{34AD435B-7662-49D5-AF13-5974FEC5F578}.Release (1.8)|x64.Build.0 = Release|x64
		{34AD435B-7662-49D5-AF13-5974FEC5F578}.Release (1.8)|x86.ActiveCfg = release_double|Win32
		{34AD435B-7662-49D5-AF13-5974FEC5F578}.Release (1.8)|x86.Build.0 = release_double|Win32
		{34AD435B-7662-49D5-AF13-5974FEC5F578}.Release (2.0)|x64.ActiveCfg = release_double|x64
		{34AD435B-7662-49D5-AF13-5974FEC5F578}.Release (2.0)|x64.Build.0 = release_double|x64
		{34AD435B-7662-49D5-AF13-5974FEC5F578}.Release (2.0)|x86.ActiveCfg = release_double|Win32
		{34AD435B-7662-49D5-AF13-5974FEC5F578}.Release (2.0)|x86.Build.0 = release_double|Win32
		{34AD435B-7662-49D5-AF13-5974FEC5F578}.Release (2.2)|x64.ActiveCfg = release_double|x64
		{34AD435B-7662-49D5-AF13-5974FEC5F578}.Release (2.2)|x64.Build.0 = release_double|x64
		{34AD435B-7662-49D5-AF13-5974FEC5F578}.Release (2.2)|x86.ActiveCfg = release_double|Win32
		{34AD435B-7662-49D5-AF13-5974FEC5F578}.Release (2.5)|x64.ActiveCfg = release_double|x64
		{34AD435B-7662-49D5-AF13-5974FEC5F578}.Release (2.5)|x64.Build.0 = release_double|x64
		{34AD435B-7662-49D5-AF13-5974FEC5F578}.Release (2.5)|x86.ActiveCfg = release_double|Win32
		{34AD435B-7662-49D5-AF13-5974FEC5F578}.Release (2.7)|x64.ActiveCfg = release_double|x64
		{34AD435B-7662-49D5-AF13-5974FEC5F578}.Release (2.7)|x64.Build.0 = release_double|x64
		{34AD435B-7662-49D5-AF13-5974FEC5F578}.Release (2.7)|x86.ActiveCfg = Debug|Win32
		{34AD435B-7662-49D5-AF13-5974FEC5F578}.release_double|x64.ActiveCfg = release_double|x64
		{34AD435B-7662-49D5-AF13-5974FEC5F578}.release_double|x64.Build.0 = release_double|x64
		{34AD435B-7662-49D5-AF13-5974FEC5F578}.release_double|x86.ActiveCfg = release_double|Win32
		{34AD435B-7662-49D5-AF13-5974FEC5F578}.release_double|x86.Build.0 = release_double|Win32
		{34AD435B-7662-49D5-AF13-5974FEC5F578}.Release|x64.ActiveCfg = Release|x64
		{34AD435B-7662-49D5-AF13-5974FEC5F578}.Release|x64.Build.0 = Release|x64
		{34AD435B-7662-49D5-AF13-5974FEC5F578}.Release|x86.ActiveCfg = Release|Win32
		{34AD435B-7662-49D5-AF13-5974FEC5F578}.Release|x86.Build.0 = Release|Win32
		{3E0D2D8C-5418-4489-BE01-AA00B051399E}.Debug (1.8)|x64.ActiveCfg = Debug (1.8)|Win32
		{3E0D2D8C-5418-4489-BE01-AA00B051399E}.Debug (1.8)|x86.ActiveCfg = Debug (1.8)|Win32
		{3E0D2D8C-5418-4489-BE01-AA00B051399E}.Debug (1.8)|x86.Build.0 = Debug (1.8)|Win32
		{3E0D2D8C-5418-4489-BE01-AA00B051399E}.Debug (2.0)|x64.ActiveCfg = Debug (2.0)|x64
		{3E0D2D8C-5418-4489-BE01-AA00B051399E}.Debug (2.0)|x64.Build.0 = Debug (2.0)|x64
		{3E0D2D8C-5418-4489-BE01-AA00B051399E}.Debug (2.0)|x86.ActiveCfg = Debug (2.0)|Win32
		{3E0D2D8C-5418-4489-BE01-AA00B051399E}.Debug (2.0)|x86.Build.0 = Debug (2.0)|Win32
		{3E0D2D8C-5418-4489-BE01-AA00B051399E}.Debug (2.2)|x64.ActiveCfg = Debug (2.2)|x64
		{3E0D2D8C-5418-4489-BE01-AA00B051399E}.Debug (2.2)|x64.Build.0 = Debug (2.2)|x64
		{3E0D2D8C-5418-4489-BE01-AA00B051399E}.Debug (2.2)|x86.ActiveCfg = Debug (2.2)|x64
		{3E0D2D8C-5418-4489-BE01-AA00B051399E}.Debug (2.2)|x86.Build.0 = Debug (2.2)|x64
		{3E0D2D8C-5418-4489-BE01-AA00B051399E}.Debug (2.5)|x64.ActiveCfg = Debug (2.5)|x64
		{3E0D2D8C-5418-4489-BE01-AA00B051399E}.Debug (2.5)|x64.Build.0 = Debug (2.5)|x64
		{3E0D2D8C-5418-4489-BE01-AA00B051399E}.Debug (2.5)|x86.ActiveCfg = Debug (2.5)|x64
		{3E0D2D8C-5418-4489-BE01-AA00B051399E}.Debug (2.7)|x64.ActiveCfg = Debug (2.7)|x64
		{3E0D2D8C-5418-4489-BE01-AA00B051399E}.Debug (2.7)|x64.Build.0 = Debug (2.7)|x64
		{3E0D2D8C-5418-4489-BE01-AA00B051399E}.Debug (2.7)|x86.ActiveCfg = Debug (2.7)|x64
		{3E0D2D8C-5418-4489-BE01-AA00B051399E}.debug_double|x64.ActiveCfg = Debug (2.5)|x64
		{3E0D2D8C-5418-4489-BE01-AA00B051399E}.debug_double|x86.ActiveCfg = Debug (1.8)|Win32
		{3E0D2D8C-5418-4489-BE01-AA00B051399E}.Debug|x64.ActiveCfg = Debug (2.5)|x64
		{3E0D2D8C-5418-4489-BE01-AA00B051399E}.Debug|x86.ActiveCfg = Debug (1.8)|Win32
		{3E0D2D8C-5418-4489-BE01-AA00B051399E}.Release (1.8)|x64.ActiveCfg = Release (1.8)|Win32
		{3E0D2D8C-5418-4489-BE01-AA00B051399E}.Release (1.8)|x86.ActiveCfg = Release (1.8)|Win32
		{3E0D2D8C-5418-4489-BE01-AA00B051399E}.Release (1.8)|x86.Build.0 = Release (1.8)|Win32
		{3E0D2D8C-5418-4489-BE01-AA00B051399E}.Release (2.0)|x64.ActiveCfg = Release (2.0)|x64
		{3E0D2D8C-5418-4489-BE01-AA00B051399E}.Release (2.0)|x64.Build.0 = Release (2.0)|x64
		{3E0D2D8C-5418-4489-BE01-AA00B051399E}.Release (2.0)|x86.ActiveCfg = Release (2.0)|Win32
		{3E0D2D8C-5418-4489-BE01-AA00B051399E}.Release (2.0)|x86.Build.0 = Release (2.0)|Win32
		{3E0D2D8C-5418-4489-BE01-AA00B051399E}.Release (2.2)|x64.ActiveCfg = Release (2.2)|x64
		{3E0D2D8C-5418-4489-BE01-AA00B051399E}.Release (2.2)|x64.Build.0 = Release (2.2)|x64
		{3E0D2D8C-5418-4489-BE01-AA00B051399E}.Release (2.2)|x86.ActiveCfg = Release (2.2)|x64
		{3E0D2D8C-5418-4489-BE01-AA00B051399E}.Release (2.5)|x64.ActiveCfg = Release (2.5)|x64
		{3E0D2D8C-5418-4489-BE01-AA00B051399E}.Release (2.5)|x64.Build.0 = Release (2.5)|x64
		{3E0D2D8C-5418-4489-BE01-AA00B051399E}.Release (2.5)|x86.ActiveCfg = Release (2.5)|x64
		{3E0D2D8C-5418-4489-BE01-AA00B051399E}.Release (2.7)|x64.ActiveCfg = Release (2.7)|x64
		{3E0D2D8C-5418-4489-BE01-AA00B051399E}.Release (2.7)|x64.Build.0 = Release (2.7)|x64
		{3E0D2D8C-5418-4489-BE01-AA00B051399E}.Release (2.7)|x86.ActiveCfg = Release (2.7)|x64
		{3E0D2D8C-5418-4489-BE01-AA00B051399E}.release_double|x64.ActiveCfg = Release (2.5)|x64
		{3E0D2D8C-5418-4489-BE01-AA00B051399E}.release_double|x86.ActiveCfg = Release (2.0)|Win32
		{3E0D2D8C-5418-4489-BE01-AA00B051399E}.Release|x64.ActiveCfg = Release|x64
		{3E0D2D8C-5418-4489-BE01-AA00B051399E}.Release|x86.ActiveCfg = Release|Win32
		{F8604C1C-867D-4EFD-AFAC-15404F17084E}.Debug (1.8)|x64.ActiveCfg = Debug|x64
		{F8604C1C-867D-4EFD-AFAC-15404F17084E}.Debug (1.8)|x64.Build.0 = Debug|x64
		{F8604C1C-867D-4EFD-AFAC-15404F17084E}.Debug (1.8)|x86.ActiveCfg = debug_double|Win32
		{F8604C1C-867D-4EFD-AFAC-15404F17084E}.Debug (1.8)|x86.Build.0 = debug_double|Win32
		{F8604C1C-867D-4EFD-AFAC-15404F17084E}.Debug (2.0)|x64.ActiveCfg = debug_double|x64
		{F8604C1C-867D-4EFD-AFAC-15404F17084E}.Debug (2.0)|x64.Build.0 = debug_double|x64
		{F8604C1C-867D-4EFD-AFAC-15404F17084E}.Debug (2.0)|x86.ActiveCfg = debug_double|Win32
		{F8604C1C-867D-4EFD-AFAC-15404F17084E}.Debug (2.0)|x86.Build.0 = debug_double|Win32
		{F8604C1C-867D-4EFD-AFAC-15404F17084E}.Debug (2.2)|x64.ActiveCfg = debug_double|x64
		{F8604C1C-867D-4EFD-AFAC-15404F17084E}.Debug (2.2)|x64.Build.0 = debug_double|x64
		{F8604C1C-867D-4EFD-AFAC-15404F17084E}.Debug (2.2)|x86.ActiveCfg = debug_double|Win32
		{F8604C1C-867D-4EFD-AFAC-15404F17084E}.Debug (2.2)|x86.Build.0 = debug_double|Win32
		{F8604C1C-867D-4EFD-AFAC-15404F17084E}.Debug (2.5)|x64.ActiveCfg = debug_double|x64
		{F8604C1C-867D-4EFD-AFAC-15404F17084E}.Debug (2.5)|x64.Build.0 = debug_double|x64
		{F8604C1C-867D-4EFD-AFAC-15404F17084E}.Debug (2.5)|x86.ActiveCfg = debug_double|Win32
		{F8604C1C-867D-4EFD-AFAC-15404F17084E}.Debug (2.5)|x86.Build.0 = debug_double|Win32
		{F8604C1C-867D-4EFD-AFAC-15404F17084E}.Debug (2.7)|x64.ActiveCfg = debug_double|x64
		{F8604C1C-867D-4EFD-AFAC-15404F17084E}.Debug (2.7)|x64.Build.0 = debug_double|x64
		{F8604C1C-867D-4EFD-AFAC-15404F17084E}.Debug (2.7)|x86.ActiveCfg = debug_double|Win32
		{F8604C1C-867D-4EFD-AFAC-15404F17084E}.Debug (2.7)|x86.Build.0 = debug_double|Win32
		{F8604C1C-867D-4EFD-AFAC-15404F17084E}.debug_double|x64.ActiveCfg = debug_double|x64
		{F8604C1C-867D-4EFD-AFAC-15404F17084E}.debug_double|x64.Build.0 = debug_double|x64
		{F8604C1C-867D-4EFD-AFAC-15404F17084E}.debug_double|x86.ActiveCfg = debug_double|Win32
		{F8604C1C-867D-4EFD-AFAC-15404F17084E}.debug_double|x86.Build.0 = debug_double|Win32
		{F8604C1C-867D-4EFD-AFAC-15404F17084E}.Debug|x64.ActiveCfg = Debug|x64
		{F8604C1C-867D-4EFD-AFAC-15404F17084E}.Debug|x64.Build.0 = Debug|x64
		{F8604C1C-867D-4EFD-AFAC-15404F17084E}.Debug|x86.ActiveCfg = Debug|Win32
		{F8604C1C-867D-4EFD-AFAC-15404F17084E}.Debug|x86.Build.0 = Debug|Win32
		{F8604C1C-867D-4EFD-AFAC-15404F17084E}.Release (1.8)|x64.ActiveCfg = Release|x64
		{F8604C1C-867D-4EFD-AFAC-15404F17084E}.Release (1.8)|x64.Build.0 = Release|x64
		{F8604C1C-867D-4EFD-AFAC-15404F17084E}.Release (1.8)|x86.ActiveCfg = release_double|Win32
		{F8604C1C-867D-4EFD-AFAC-15404F17084E}.Release (1.8)|x86.Build.0 = release_double|Win32
		{F8604C1C-867D-4EFD-AFAC-15404F17084E}.Release (2.0)|x64.ActiveCfg = release_double|x64
		{F8604C1C-867D-4EFD-AFAC-15404F17084E}.Release (2.0)|x64.Build.0 = release_double|x64
		{F8604C1C-867D-4EFD-AFAC-15404F17084E}.Release (2.0)|x86.ActiveCfg = release_double|Win32
		{F8604C1C-867D-4EFD-AFAC-15404F17084E}.Release (2.0)|x86.Build.0 = release_double|Win32
		{F8604C1C-867D-4EFD-AFAC-15404F17084E}.Release (2.2)|x64.ActiveCfg = release_double|x64
		{F8604C1C-867D-4EFD-AFAC-15404F17084E}.Release (2.2)|x64.Build.0 = release_double|x64
		{F8604C1C-867D-4EFD-AFAC-15404F17084E}.Release (2.2)|x86.ActiveCfg = release_double|Win32
		{F8604C1C-867D-4EFD-AFAC-15404F17084E}.Release (2.5)|x64.ActiveCfg = release_double|x64
		{F8604C1C-867D-4EFD-AFAC-15404F17084E}.Release (2.5)|x64.Build.0 = release_double|x64
		{F8604C1C-867D-4EFD-AFAC-15404F17084E}.Release (2.5)|x86.ActiveCfg = release_double|Win32
		{F8604C1C-867D-4EFD-AFAC-15404F17084E}.Release (2.7)|x64.ActiveCfg = release_double|x64
		{F8604C1C-867D-4EFD-AFAC-15404F17084E}.Release (2.7)|x64.Build.0 = release_double|x64
		{F8604C1C-867D-4EFD-AFAC-15404F17084E}.Release (2.7)|x86.ActiveCfg = Debug|Win32
		{F8604C1C-867D-4EFD-AFAC-15404F17084E}.release_double|x64.ActiveCfg = release_double|x64
		{F8604C1C-867D-4EFD-AFAC-15404F17084E}.release_double|x64.Build.0 = release_double|x64
		{F8604C1C-867D-4EFD-AFAC-15404F17084E}.release_double|x86.ActiveCfg = release_double|Win32
		{F8604C1C-867D-4EFD-AFAC-15404F17084E}.release_double|x86.Build.0 = release_double|Win32
		{F8604C1C-867D-4EFD-AFAC-15404F17084E}.Release|x64.ActiveCfg = Release|x64
		{F8604C1C-867D-4EFD-AFAC-15404F17084E}.Release|x64.Build.0 = Release|x64
		{F8604C1C-867D-4EFD-AFAC-15404F17084E}.Release|x86.ActiveCfg = Release|Win32
		{F8604C1C-867D-4EFD-AFAC-15404F17084E}.Release|x86.Build.0 = Release|Win32
		{2928F15F-0650-4261-B759-36C7792267DC}.Debug (1.8)|x64.ActiveCfg = Debug|x64
		{2928F15F-0650-4261-B759-36C7792267DC}.Debug (1.8)|x64.Build.0 = Debug|x64
		{2928F15F-0650-4261-B759-36C7792267DC}.Debug (1.8)|x86.ActiveCfg = Debug|Win32
		{2928F15F-0650-4261-B759-36C7792267DC}.Debug (1.8)|x86.Build.0 = Debug|Win32
		{2928F15F-0650-4261-B759-36C7792267DC}.Debug (2.0)|x64.ActiveCfg = Debug|x64
		{2928F15F-0650-4261-B759-36C7792267DC}.Debug (2.0)|x64.Build.0 = Debug|x64
		{2928F15F-0650-4261-B759-36C7792267DC}.Debug (2.0)|x86.ActiveCfg = Debug|Win32
		{2928F15F-0650-4261-B759-36C7792267DC}.Debug (2.0)|x86.Build.0 = Debug|Win32
		{2928F15F-0650-4261-B759-36C7792267DC}.Debug (2.2)|x64.ActiveCfg = Debug|x64
		{2928F15F-0650-4261-B759-36C7792267DC}.Debug (2.2)|x64.Build.0 = Debug|x64
		{2928F15F-0650-4261-B759-36C7792267DC}.Debug (2.2)|x86.ActiveCfg = Debug|Win32
		{2928F15F-0650-4261-B759-36C7792267DC}.Debug (2.2)|x86.Build.0 = Debug|Win32
		{2928F15F-0650-4261-B759-36C7792267DC}.Debug (2.5)|x64.ActiveCfg = Debug|x64
		{2928F15F-0650-4261-B759-36C7792267DC}.Debug (2.5)|x64.Build.0 = Debug|x64
		{2928F15F-0650-4261-B759-36C7792267DC}.Debug (2.5)|x86.ActiveCfg = Debug|Win32
		{2928F15F-0650-4261-B759-36C7792267DC}.Debug (2.5)|x86.Build.0 = Debug|Win32
		{2928F15F-0650-4261-B759-36C7792267DC}.Debug (2.7)|x64.ActiveCfg = Debug|x64
		{2928F15F-0650-4261-B759-36C7792267DC}.Debug (2.7)|x64.Build.0 = Debug|x64
		{2928F15F-0650-4261-B759-36C7792267DC}.Debug (2.7)|x86.ActiveCfg = Debug|Win32
		{2928F15F-0650-4261-B759-36C7792267DC}.Debug (2.7)|x86.Build.0 = Debug|Win32
		{2928F15F-0650-4261-B759-36C7792267DC}.debug_double|x64.ActiveCfg = debug_double|x64
		{2928F15F-0650-4261-B759-36C7792267DC}.debug_double|x64.Build.0 = debug_double|x64
		{2928F15F-0650-4261-B759-36C7792267DC}.debug_double|x86.ActiveCfg = debug_double|Win32
		{2928F15F-0650-4261-B759-36C7792267DC}.debug_double|x86.Build.0 = debug_double|Win32
		{2928F15F-0650-4261-B759-36C7792267DC}.Debug|x64.ActiveCfg = Debug|x64
		{2928F15F-0650-4261-B759-36C7792267DC}.Debug|x64.Build.0 = Debug|x64
		{2928F15F-0650-4261-B759-36C7792267DC}.Debug|x86.ActiveCfg = Debug|Win32
		{2928F15F-0650-4261-B759-36C7792267DC}.Debug|x86.Build.0 = Debug|Win32
		{2928F15F-0650-4261-B759-36C7792267DC}.Release (1.8)|x64.ActiveCfg = release_double|x64
		{2928F15F-0650-4261-B759-36C7792267DC}.Release (1.8)|x64.Build.0 = release_double|x64
		{2928F15F-0650-4261-B759-36C7792267DC}.Release (1.8)|x86.ActiveCfg = release_double|Win32
		{2928F15F-0650-4261-B759-36C7792267DC}.Release (1.8)|x86.Build.0 = release_double|Win32
		{2928F15F-0650-4261-B759-36C7792267DC}.Release (2.0)|x64.ActiveCfg = release_double|x64
		{2928F15F-0650-4261-B759-36C7792267DC}.Release (2.0)|x64.Build.0 = release_double|x64
		{2928F15F-0650-4261-B759-36C7792267DC}.Release (2.0)|x86.ActiveCfg = release_double|Win32
		{2928F15F-0650-4261-B759-36C7792267DC}.Release (2.0)|x86.Build.0 = release_double|Win32
		{2928F15F-0650-4261-B759-36C7792267DC}.Release (2.2)|x64.ActiveCfg = release_double|x64
		{2928F15F-0650-4261-B759-36C7792267DC}.Release (2.2)|x64.Build.0 = release_double|x64
		{2928F15F-0650-4261-B759-36C7792267DC}.Release (2.2)|x86.ActiveCfg = release_double|Win32
		{2928F15F-0650-4261-B759-36C7792267DC}.Release (2.2)|x86.Build.0 = release_double|Win32
		{2928F15F-0650-4261-B759-36C7792267DC}.Release (2.5)|x64.ActiveCfg = release_double|x64
		{2928F15F-0650-4261-B759-36C7792267DC}.Release (2.5)|x64.Build.0 = release_double|x64
		{2928F15F-0650-4261-B759-36C7792267DC}.Release (2.5)|x86.ActiveCfg = release_double|Win32
		{2928F15F-0650-4261-B759-36C7792267DC}.Release (2.5)|x86.Build.0 = release_double|Win32
		{2928F15F-0650-4261-B759-36C7792267DC}.Release (2.7)|x64.ActiveCfg = release_double|x64
		{2928F15F-0650-4261-B759-36C7792267DC}.Release (2.7)|x64.Build.0 = release_double|x64
		{2928F15F-0650-4261-B759-36C7792267DC}.Release (2.7)|x86.ActiveCfg = release_double|Win32
		{2928F15F-0650-4261-B759-36C7792267DC}.Release (2.7)|x86.Build.0 = release_double|Win32
		{2928F15F-0650-4261-B759-36C7792267DC}.release_double|x64.ActiveCfg = release_double|x64
		{2928F15F-0650-4261-B759-36C7792267DC}.release_double|x64.Build.0 = release_double|x64
		{2928F15F-0650-4261-B759-36C7792267DC}.release_double|x86.ActiveCfg = release_double|Win32
		{2928F15F-0650-4261-B759-36C7792267DC}.release_double|x86.Build.0 = release_double|Win32
		{2928F15F-0650-4261-B759-36C7792267DC}.Release|x64.ActiveCfg = Release|x64
		{2928F15F-0650-4261-B759-36C7792267DC}.Release|x64.Build.0 = Release|x64
		{2928F15F-0650-4261-B759-36C7792267DC}.Release|x86.ActiveCfg = Release|Win32
		{2928F15F-0650-4261-B759-36C7792267DC}.Release|x86.Build.0 = Release|Win32
	EndGlobalSection
	GlobalSection(SolutionProperties) = preSolution
		HideSolutionNode = FALSE
	EndGlobalSection
	GlobalSection(ExtensibilityGlobals) = postSolution
		SolutionGuid = {1D72AFB2-28A4-4B97-8454-929ECAD32D43}
	EndGlobalSection
EndGlobal
